
Microsoft Visual Studio Solution File, Format Version 12.00
# Visual Studio Version 16
VisualStudioVersion = 16.0.31729.503
MinimumVisualStudioVersion = 10.0.40219.1
Project("{FAE04EC0-301F-11D3-BF4B-00C04F79EFBC}") = "Admin Login", "Admin Login\Admin Login.csproj", "{5B6AED24-C317-4C4D-8004-D9DB7EAB8AF6}"
EndProject
Global
	GlobalSection(SolutionConfigurationPlatforms) = preSolution
		Debug|Any CPU = Debug|Any CPU
		Release|Any CPU = Release|Any CPU
	EndGlobalSection
	GlobalSection(ProjectConfigurationPlatforms) = postSolution
		{5B6AED24-C317-4C4D-8004-D9DB7EAB8AF6}.Debug|Any CPU.ActiveCfg = Debug|Any CPU
		{5B6AED24-C317-4C4D-8004-D9DB7EAB8AF6}.Debug|Any CPU.Build.0 = Debug|Any CPU
		{5B6AED24-C317-4C4D-8004-D9DB7EAB8AF6}.Release|Any CPU.ActiveCfg = Release|Any CPU
		{5B6AED24-C317-4C4D-8004-D9DB7EAB8AF6}.Release|Any CPU.Build.0 = Release|Any CPU
	EndGlobalSection
	GlobalSection(SolutionProperties) = preSolution
		HideSolutionNode = FALSE
	EndGlobalSection
	GlobalSection(ExtensibilityGlobals) = postSolution
		SolutionGuid = {03AD9004-9C41-40E3-B32D-115AEB60717B}
	EndGlobalSection
EndGlobal
